<?xml version="1.0" encoding="utf-8"?>
<Project ToolsVersion="4.0" xmlns="http://schemas.microsoft.com/developer/msbuild/2003">
  <ItemGroup>
    <Filter Include="源文件">
      <UniqueIdentifier>{4FC737F1-C7A5-4376-A066-2A32D752A2FF}</UniqueIdentifier>
      <Extensions>cpp;c;cc;cxx;def;odl;idl;hpj;bat;asm;asmx</Extensions>
    </Filter>
    <Filter Include="头文件">
      <UniqueIdentifier>{93995380-89BD-4b04-88EB-625FBE52EBFB}</UniqueIdentifier>
      <Extensions>h;hh;hpp;hxx;hm;inl;inc;ipp;xsd</Extensions>
    </Filter>
    <Filter Include="资源文件">
      <UniqueIdentifier>{67DA6AB6-F800-4c08-8B7A-83BB121AAD01}</UniqueIdentifier>
      <Extensions>rc;ico;cur;bmp;dlg;rc2;rct;bin;rgs;gif;jpg;jpeg;jpe;resx;tiff;tif;png;wav;mfcribbon-ms</Extensions>
    </Filter>
    <Filter Include="源文件\Ults">
      <UniqueIdentifier>{eb9efc1c-590f-4fdf-ae78-dacd0fb5f700}</UniqueIdentifier>
    </Filter>
  </ItemGroup>
  <ItemGroup>
    <ClCompile Include="main.cpp">
      <Filter>源文件</Filter>
    </ClCompile>
    <ClCompile Include="InitApp.cpp">
      <Filter>源文件</Filter>
    </ClCompile>
    <ClCompile Include="Renderer.cpp">
      <Filter>源文件</Filter>
    </ClCompile>
  </ItemGroup>
  <ItemGroup>
    <ClInclude Include="InitApp.h">
      <Filter>头文件</Filter>
    </ClInclude>
    <ClInclude Include="Renderer.h">
      <Filter>头文件</Filter>
    </ClInclude>
    <ClInclude Include="resource.h">
      <Filter>头文件</Filter>
    </ClInclude>
    <ClInclude Include="DXErrorHandler.h">
      <Filter>源文件\Ults</Filter>
    </ClInclude>
  </ItemGroup>
  <ItemGroup>
    <FxCompile Include="basicPS.hlsl">
      <Filter>资源文件</Filter>
    </FxCompile>
    <FxCompile Include="basicVS.hlsl">
      <Filter>资源文件</Filter>
    </FxCompile>
    <FxCompile Include="textureVS.hlsl">
      <Filter>资源文件</Filter>
    </FxCompile>
    <FxCompile Include="texturePS.hlsl">
      <Filter>资源文件</Filter>
    </FxCompile>
  </ItemGroup>
  <ItemGroup>
    <Image Include="..\..\..\..\UV_Grid_Sm.jpg">
      <Filter>资源文件</Filter>
    </Image>
  </ItemGroup>
</Project>